{
  "version": 4,
  "terraform_version": "1.15.0",
  "serial": 2,
  "lineage": "16397ac9-3178-a765-3b94-82496b4918c6",
  "outputs": {
    "file_name": {
      "value": "terraform-created.txt",
      "type": "string"
    },
    "message": {
      "value": "Hello Tharun! This file was created by Terraform.",
      "type": "string"
    }
  },
  "resources": [
    {
      "mode": "managed",
      "type": "local_file",
      "name": "welcome",
      "provider": "provider[\"registry.terraform.io/hashicorp/local\"]",
      "instances": [
        {
          "schema_version": 0,
          "attributes": {
            "content": "Hello Tharun! This file was created by Terraform.",
            "content_base64": null,
            "content_base64sha256": "KjiSbGj7pfTxeTC5Yj4vrkxlB1PA5jEf840wGhByujE=",
            "content_base64sha512": "26qzQfxDA08w183ZTwisniM2Mj4mQPldF4PRzAR9AFaqTvrzd1LiOAvSGeIVPzO4VP3VyuqDDJDjWw0AzXhioA==",
            "content_md5": "432c5152d18eadce0e4a66f7f984a7d9",
            "content_sha1": "2ef9d30964106a4988b798e099eada8ac600f265",
            "content_sha256": "2a38926c68fba5f4f17930b9623e2fae4c650753c0e6311ff38d301a1072ba31",
            "content_sha512": "dbaab341fc43034f30d7cdd94f08ac9e2336323e2640f95d1783d1cc047d0056aa4efaf37752e2380bd219e2153f33b854fdd5caea830c90e35b0d00cd7862a0",
            "directory_permission": "0777",
            "file_permission": "0777",
            "filename": "terraform-created.txt",
            "id": "2ef9d30964106a4988b798e099eada8ac600f265",
            "sensitive_content": null,
            "source": null
          },
          "sensitive_attributes": [
            [
              {
                "type": "get_attr",
                "value": "sensitive_content"
              }
            ]
          ],
          "identity_schema_version": 0
        }
      ]
    }
  ],
  "check_results": null
}
